{
  "name": "witcher-v1-mini",
  "version": "1.0.0",
  "lockfileVersion": 3,
  "requires": true,
  "packages": {
    "": {
      "name": "witcher-v1-mini",
      "version": "1.0.0",
      "dependencies": {
        "baileys": "^6.5.0",
        "axios": "^1.6.7",
        "chalk": "^5.3.0",
        "fs-extra": "^11.1.1",
        "moment-timezone": "^0.5.40"
      }
    },
    "node_modules/axios": {
      "version": "1.6.7",
      "resolved": "https://registry.npmjs.org/axios/-/axios-1.6.7.tgz",
      "integrity": "sha512-...",
      "dependencies": {
        "follow-redirects": "^1.15.6"
      }
    },
    "node_modules/baileys": {
      "version": "6.5.0",
      "resolved": "https://registry.npmjs.org/baileys/-/baileys-6.5.0.tgz",
      "integrity": "sha512-...",
      "dependencies": {
        "@adiwajshing/keyed-db": "^1.0.4",
        "ws": "^8.13.0"
      }
    },
    ...
  }
}
